
Microsoft Visual Studio Solution File, Format Version 12.00
# Visual Studio Version 17
VisualStudioVersion = 17.11.35208.52
MinimumVisualStudioVersion = 10.0.40219.1
Project("{8BC9CEB8-8B4A-11D0-8D11-00A0C91BC942}") = "lab9zavd1", "lab9zavd1\lab9zavd1.vcxproj", "{E23BD8AC-6A6A-49DF-A13C-015993CD6F81}"
EndProject
Global
	GlobalSection(SolutionConfigurationPlatforms) = preSolution
		Debug|x64 = Debug|x64
		Debug|x86 = Debug|x86
		Release|x64 = Release|x64
		Release|x86 = Release|x86
	EndGlobalSection
	GlobalSection(ProjectConfigurationPlatforms) = postSolution
		{E23BD8AC-6A6A-49DF-A13C-015993CD6F81}.Debug|x64.ActiveCfg = Debug|x64
		{E23BD8AC-6A6A-49DF-A13C-015993CD6F81}.Debug|x64.Build.0 = Debug|x64
		{E23BD8AC-6A6A-49DF-A13C-015993CD6F81}.Debug|x86.ActiveCfg = Debug|Win32
		{E23BD8AC-6A6A-49DF-A13C-015993CD6F81}.Debug|x86.Build.0 = Debug|Win32
		{E23BD8AC-6A6A-49DF-A13C-015993CD6F81}.Release|x64.ActiveCfg = Release|x64
		{E23BD8AC-6A6A-49DF-A13C-015993CD6F81}.Release|x64.Build.0 = Release|x64
		{E23BD8AC-6A6A-49DF-A13C-015993CD6F81}.Release|x86.ActiveCfg = Release|Win32
		{E23BD8AC-6A6A-49DF-A13C-015993CD6F81}.Release|x86.Build.0 = Release|Win32
	EndGlobalSection
	GlobalSection(SolutionProperties) = preSolution
		HideSolutionNode = FALSE
	EndGlobalSection
	GlobalSection(ExtensibilityGlobals) = postSolution
		SolutionGuid = {143E3630-1B43-4524-B7A8-0C81DA7D95ED}
	EndGlobalSection
EndGlobal
